// !$*UTF8*$!
{
	archiveVersion = 1;
	classes = {
	};
	objectVersion = 46;
	objects = {

/* Begin PBXBuildFile section */
		92CEA9F61D13005B0059BCE8 /* main.m in Sources */ = {isa = PBXBuildFile; fileRef = 92CEA9F51D13005B0059BCE8 /* main.m */; };
		92CEA9FE1D1300860059BCE8 /* Book.m in Sources */ = {isa = PBXBuildFile; fileRef = 92CEA9FD1D1300860059BCE8 /* Book.m */; };
		92CEAA011D1302000059BCE8 /* Ebook.m in Sources */ = {isa = PBXBuildFile; fileRef = 92CEAA001D1302000059BCE8 /* Ebook.m */; };
		92CEAA041D1303E10059BCE8 /* PaperBook.m in Sources */ = {isa = PBXBuildFile; fileRef = 92CEAA031D1303E10059BCE8 /* PaperBook.m */; };
/* End PBXBuildFile section */

/* Begin PBXCopyFilesBuildPhase section */
		92CEA9F01D13005B0059BCE8 /* CopyFiles */ = {
			isa = PBXCopyFilesBuildPhase;
			buildActionMask = 2147483647;
			dstPath = /usr/share/man/man1/;
			dstSubfolderSpec = 0;
			files = (
			);
			runOnlyForDeploymentPostprocessing = 1;
		};
/* End PBXCopyFilesBuildPhase section */

/* Begin PBXFileReference section */
		92CEA9F21D13005B0059BCE8 /* Books */ = {isa = PBXFileReference; explicitFileType = "compiled.mach-o.executable"; includeInIndex = 0; path = Books; sourceTree = BUILT_PRODUCTS_DIR; };
		92CEA9F51D13005B0059BCE8 /* main.m */ = {isa = PBXFileReference; lastKnownFileType = sourcecode.c.objc; path = main.m; sourceTree = "<group>"; };
		92CEA9FC1D1300860059BCE8 /* Book.h */ = {isa = PBXFileReference; fileEncoding = 4; lastKnownFileType = sourcecode.c.h; path = Book.h; sourceTree = "<group>"; };
		92CEA9FD1D1300860059BCE8 /* Book.m */ = {isa = PBXFileReference; fileEncoding = 4; lastKnownFileType = sourcecode.c.objc; path = Book.m; sourceTree = "<group>"; };
		92CEA9FF1D1302000059BCE8 /* Ebook.h */ = {isa = PBXFileReference; fileEncoding = 4; lastKnownFileType = sourcecode.c.h; path = Ebook.h; sourceTree = "<group>"; };
		92CEAA001D1302000059BCE8 /* Ebook.m */ = {isa = PBXFileReference; fileEncoding = 4; lastKnownFileType = sourcecode.c.objc; path = Ebook.m; sourceTree = "<group>"; };
		92CEAA021D1303E10059BCE8 /* PaperBook.h */ = {isa = PBXFileReference; fileEncoding = 4; lastKnownFileType = sourcecode.c.h; path = PaperBook.h; sourceTree = "<group>"; };
		92CEAA031D1303E10059BCE8 /* PaperBook.m */ = {isa = PBXFileReference; fileEncoding = 4; lastKnownFileType = sourcecode.c.objc; path = PaperBook.m; sourceTree = "<group>"; };
/* End PBXFileReference section */

/* Begin PBXFrameworksBuildPhase section */
		92CEA9EF1D13005B0059BCE8 /* Frameworks */ = {
			isa = PBXFrameworksBuildPhase;
			buildActionMask = 2147483647;
			files = (
			);
			runOnlyForDeploymentPostprocessing = 0;
		};
/* End PBXFrameworksBuildPhase section */

/* Begin PBXGroup section */
		92CEA9E91D13005B0059BCE8 = {
			isa = PBXGroup;
			children = (
				92CEA9F41D13005B0059BCE8 /* Books */,
				92CEA9F31D13005B0059BCE8 /* Products */,
			);
			sourceTree = "<group>";
		};
		92CEA9F31D13005B0059BCE8 /* Products */ = {
			isa = PBXGroup;
			children = (
				92CEA9F21D13005B0059BCE8 /* Books */,
			);
			name = Products;
			sourceTree = "<group>";
		};
		92CEA9F41D13005B0059BCE8 /* Books */ = {
			isa = PBXGroup;
			children = (
				92CEA9F51D13005B0059BCE8 /* main.m */,
				92CEA9FC1D1300860059BCE8 /* Book.h */,
				92CEA9FD1D1300860059BCE8 /* Book.m */,
				92CEA9FF1D1302000059BCE8 /* Ebook.h */,
				92CEAA001D1302000059BCE8 /* Ebook.m */,
				92CEAA021D1303E10059BCE8 /* PaperBook.h */,
				92CEAA031D1303E10059BCE8 /* PaperBook.m */,
			);
			path = Books;
			sourceTree = "<group>";
		};
/* End PBXGroup section */

/* Begin PBXNativeTarget section */
		92CEA9F11D13005B0059BCE8 /* Books */ = {
			isa = PBXNativeTarget;
			buildConfigurationList = 92CEA9F91D13005B0059BCE8 /* Build configuration list for PBXNativeTarget "Books" */;
			buildPhases = (
				92CEA9EE1D13005B0059BCE8 /* Sources */,
				92CEA9EF1D13005B0059BCE8 /* Frameworks */,
				92CEA9F01D13005B0059BCE8 /* CopyFiles */,
			);
			buildRules = (
			);
			dependencies = (
			);
			name = Books;
			productName = Books;
			productReference = 92CEA9F21D13005B0059BCE8 /* Books */;
			productType = "com.apple.product-type.tool";
		};
/* End PBXNativeTarget section */

/* Begin PBXProject section */
		92CEA9EA1D13005B0059BCE8 /* Project object */ = {
			isa = PBXProject;
			attributes = {
				LastUpgradeCheck = 0730;
				ORGANIZATIONNAME = INform;
				TargetAttributes = {
					92CEA9F11D13005B0059BCE8 = {
						CreatedOnToolsVersion = 7.3;
					};
				};
			};
			buildConfigurationList = 92CEA9ED1D13005B0059BCE8 /* Build configuration list for PBXProject "Books" */;
			compatibilityVersion = "Xcode 3.2";
			developmentRegion = English;
			hasScannedForEncodings = 0;
			knownRegions = (
				en,
			);
			mainGroup = 92CEA9E91D13005B0059BCE8;
			productRefGroup = 92CEA9F31D13005B0059BCE8 /* Products */;
			projectDirPath = "";
			projectRoot = "";
			targets = (
				92CEA9F11D13005B0059BCE8 /* Books */,
			);
		};
/* End PBXProject section */

/* Begin PBXSourcesBuildPhase section */
		92CEA9EE1D13005B0059BCE8 /* Sources */ = {
			isa = PBXSourcesBuildPhase;
			buildActionMask = 2147483647;
			files = (
				92CEAA011D1302000059BCE8 /* Ebook.m in Sources */,
				92CEAA041D1303E10059BCE8 /* PaperBook.m in Sources */,
				92CEA9FE1D1300860059BCE8 /* Book.m in Sources */,
				92CEA9F61D13005B0059BCE8 /* main.m in Sources */,
			);
			runOnlyForDeploymentPostprocessing = 0;
		};
/* End PBXSourcesBuildPhase section */

/* Begin XCBuildConfiguration section */
		92CEA9F71D13005B0059BCE8 /* Debug */ = {
			isa = XCBuildConfiguration;
			buildSettings = {
				ALWAYS_SEARCH_USER_PATHS = NO;
				CLANG_ANALYZER_NONNULL = YES;
				CLANG_CXX_LANGUAGE_STANDARD = "gnu++0x";
				CLANG_CXX_LIBRARY = "libc++";
				CLANG_ENABLE_MODULES = YES;
				CLANG_ENABLE_OBJC_ARC = YES;
				CLANG_WARN_BOOL_CONVERSION = YES;
				CLANG_WARN_CONSTANT_CONVERSION = YES;
				CLANG_WARN_DIRECT_OBJC_ISA_USAGE = YES_ERROR;
				CLANG_WARN_EMPTY_BODY = YES;
				CLANG_WARN_ENUM_CONVERSION = YES;
				CLANG_WARN_INT_CONVERSION = YES;
				CLANG_WARN_OBJC_ROOT_CLASS = YES_ERROR;
				CLANG_WARN_UNREACHABLE_CODE = YES;
				CLANG_WARN__DUPLICATE_METHOD_MATCH = YES;
				CODE_SIGN_IDENTITY = "-";
				COPY_PHASE_STRIP = NO;
				DEBUG_INFORMATION_FORMAT = dwarf;
				ENABLE_STRICT_OBJC_MSGSEND = YES;
				ENABLE_TESTABILITY = YES;
				GCC_C_LANGUAGE_STANDARD = gnu99;
				GCC_DYNAMIC_NO_PIC = NO;
				GCC_NO_COMMON_BLOCKS = YES;
				GCC_OPTIMIZATION_LEVEL = 0;
				GCC_PREPROCESSOR_DEFINITIONS = (
					"DEBUG=1",
					"$(inherited)",
				);
				GCC_WARN_64_TO_32_BIT_CONVERSION = YES;
				GCC_WARN_ABOUT_RETURN_TYPE = YES_ERROR;
				GCC_WARN_UNDECLARED_SELECTOR = YES;
				GCC_WARN_UNINITIALIZED_AUTOS = YES_AGGRESSIVE;
				GCC_WARN_UNUSED_FUNCTION = YES;
				GCC_WARN_UNUSED_VARIABLE = YES;
				MACOSX_DEPLOYMENT_TARGET = 10.11;
				MTL_ENABLE_DEBUG_INFO = YES;
				ONLY_ACTIVE_ARCH = YES;
				SDKROOT = macosx;
			};
			name = Debug;
		};
		92CEA9F81D13005B0059BCE8 /* Release */ = {
			isa = XCBuildConfiguration;
			buildSettings = {
				ALWAYS_SEARCH_USER_PATHS = NO;
				CLANG_ANALYZER_NONNULL = YES;
				CLANG_CXX_LANGUAGE_STANDARD = "gnu++0x";
				CLANG_CXX_LIBRARY = "libc++";
				CLANG_ENABLE_MODULES = YES;
				CLANG_ENABLE_OBJC_ARC = YES;
				CLANG_WARN_BOOL_CONVERSION = YES;
				CLANG_WARN_CONSTANT_CONVERSION = YES;
				CLANG_WARN_DIRECT_OBJC_ISA_USAGE = YES_ERROR;
				CLANG_WARN_EMPTY_BODY = YES;
				CLANG_WARN_ENUM_CONVERSION = YES;
				CLANG_WARN_INT_CONVERSION = YES;
				CLANG_WARN_OBJC_ROOT_CLASS = YES_ERROR;
				CLANG_WARN_UNREACHABLE_CODE = YES;
				CLANG_WARN__DUPLICATE_METHOD_MATCH = YES;
				CODE_SIGN_IDENTITY = "-";
				COPY_PHASE_STRIP = NO;
				DEBUG_INFORMATION_FORMAT = "dwarf-with-dsym";
				ENABLE_NS_ASSERTIONS = NO;
				ENABLE_STRICT_OBJC_MSGSEND = YES;
				GCC_C_LANGUAGE_STANDARD = gnu99;
				GCC_NO_COMMON_BLOCKS = YES;
				GCC_WARN_64_TO_32_BIT_CONVERSION = YES;
				GCC_WARN_ABOUT_RETURN_TYPE = YES_ERROR;
				GCC_WARN_UNDECLARED_SELECTOR = YES;
				GCC_WARN_UNINITIALIZED_AUTOS = YES_AGGRESSIVE;
				GCC_WARN_UNUSED_FUNCTION = YES;
				GCC_WARN_UNUSED_VARIABLE = YES;
				MACOSX_DEPLOYMENT_TARGET = 10.11;
				MTL_ENABLE_DEBUG_INFO = NO;
				SDKROOT = macosx;
			};
			name = Release;
		};
		92CEA9FA1D13005B0059BCE8 /* Debug */ = {
			isa = XCBuildConfiguration;
			buildSettings = {
				PRODUCT_NAME = "$(TARGET_NAME)";
			};
			name = Debug;
		};
		92CEA9FB1D13005B0059BCE8 /* Release */ = {
			isa = XCBuildConfiguration;
			buildSettings = {
				PRODUCT_NAME = "$(TARGET_NAME)";
			};
			name = Release;
		};
/* End XCBuildConfiguration section */

/* Begin XCConfigurationList section */
		92CEA9ED1D13005B0059BCE8 /* Build configuration list for PBXProject "Books" */ = {
			isa = XCConfigurationList;
			buildConfigurations = (
				92CEA9F71D13005B0059BCE8 /* Debug */,
				92CEA9F81D13005B0059BCE8 /* Release */,
			);
			defaultConfigurationIsVisible = 0;
			defaultConfigurationName = Release;
		};
		92CEA9F91D13005B0059BCE8 /* Build configuration list for PBXNativeTarget "Books" */ = {
			isa = XCConfigurationList;
			buildConfigurations = (
				92CEA9FA1D13005B0059BCE8 /* Debug */,
				92CEA9FB1D13005B0059BCE8 /* Release */,
			);
			defaultConfigurationIsVisible = 0;
		};
/* End XCConfigurationList section */
	};
	rootObject = 92CEA9EA1D13005B0059BCE8 /* Project object */;
}
